{
  "name": "@live-replica/ws-client",
  "version": "1.0.0",
  "lockfileVersion": 2,
  "requires": true,
  "packages": {
    "": {
      "name": "@live-replica/ws-client",
      "version": "1.0.0",
      "license": "Apache-2.0",
      "dependencies": {
        "@msgpack/msgpack": "^1.9.0"
      }
    },
    "node_modules/@msgpack/msgpack": {
      "version": "1.12.2",
      "resolved": "https://registry.npmjs.org/@msgpack/msgpack/-/msgpack-1.12.2.tgz",
      "integrity": "sha512-Vwhc3ObxmDZmA5hY8mfsau2rJ4vGPvzbj20QSZ2/E1GDPF61QVyjLfNHak9xmel6pW4heRt3v1fHa6np9Ehfeg==",
      "engines": {
        "node": ">= 10"
      }
    }
  },
  "dependencies": {
    "@msgpack/msgpack": {
      "version": "1.12.2",
      "resolved": "https://registry.npmjs.org/@msgpack/msgpack/-/msgpack-1.12.2.tgz",
      "integrity": "sha512-Vwhc3ObxmDZmA5hY8mfsau2rJ4vGPvzbj20QSZ2/E1GDPF61QVyjLfNHak9xmel6pW4heRt3v1fHa6np9Ehfeg=="
    }
  }
}
